
Microsoft Visual Studio Solution File, Format Version 12.00
# Visual Studio 15
VisualStudioVersion = 15.0.27130.2010
MinimumVisualStudioVersion = 10.0.40219.1
Project("{FAE04EC0-301F-11D3-BF4B-00C04F79EFBC}") = "MatrixofPalindromes", "MatrixofPalindromes\MatrixofPalindromes.csproj", "{2648291D-B49F-4AAB-BA1A-D8EE52E969DA}"
EndProject
Project("{FAE04EC0-301F-11D3-BF4B-00C04F79EFBC}") = "DiagonalDifference", "DiagonalDifference\DiagonalDifference.csproj", "{73C88F12-FA55-415E-89BE-6CFFFB6F6228}"
EndProject
Project("{FAE04EC0-301F-11D3-BF4B-00C04F79EFBC}") = "2x2SquaresinMatrix", "2x2SquaresinMatrix\2x2SquaresinMatrix.csproj", "{D53AF18F-D90E-49CC-8571-965AEF62234B}"
EndProject
Project("{FAE04EC0-301F-11D3-BF4B-00C04F79EFBC}") = "MaximalSum", "MaximalSum\MaximalSum.csproj", "{2D65ED70-B061-443A-90D8-2B2B21F4EF65}"
EndProject
Project("{FAE04EC0-301F-11D3-BF4B-00C04F79EFBC}") = "Rubik’sMatrix", "Rubik’sMatrix\Rubik’sMatrix.csproj", "{4DE35DDD-3B60-42BB-9EBE-D9DB41BFDD0F}"
EndProject
Project("{FAE04EC0-301F-11D3-BF4B-00C04F79EFBC}") = "TargetPractice", "TargetPractice\TargetPractice.csproj", "{810D77DD-B4B4-499B-869F-0C6F11673AF0}"
EndProject
Project("{FAE04EC0-301F-11D3-BF4B-00C04F79EFBC}") = "LegoBlocks", "LegoBlocks\LegoBlocks.csproj", "{D5BA029C-B183-4554-BC67-040104BFA652}"
EndProject
Project("{FAE04EC0-301F-11D3-BF4B-00C04F79EFBC}") = "RadioactiveMutantVampireBunnies", "RadioactiveMutantVampireBunnies\RadioactiveMutantVampireBunnies.csproj", "{BA4FE84C-B893-4052-8497-D9C6277C62A3}"
EndProject
Project("{FAE04EC0-301F-11D3-BF4B-00C04F79EFBC}") = "Crossfire", "Crossfire\Crossfire.csproj", "{BE54BEAD-E15A-4B19-9D90-CA098CF1127F}"
EndProject
Project("{FAE04EC0-301F-11D3-BF4B-00C04F79EFBC}") = "TheHeiganDance", "TheHeiganDance\TheHeiganDance.csproj", "{A0778E84-6EDE-43DE-8A47-090076D19C6E}"
EndProject
Project("{FAE04EC0-301F-11D3-BF4B-00C04F79EFBC}") = "ParkingSystem", "ParkingSystem\ParkingSystem.csproj", "{663130FD-BF99-41C9-ADBB-09CA62C2D214}"
EndProject
Project("{FAE04EC0-301F-11D3-BF4B-00C04F79EFBC}") = "StringMatrixRotation", "StringMatrixRotation\StringMatrixRotation.csproj", "{F26E9657-799F-494E-BE5E-1A497C1B2777}"
EndProject
Global
	GlobalSection(SolutionConfigurationPlatforms) = preSolution
		Debug|Any CPU = Debug|Any CPU
		Release|Any CPU = Release|Any CPU
	EndGlobalSection
	GlobalSection(ProjectConfigurationPlatforms) = postSolution
		{2648291D-B49F-4AAB-BA1A-D8EE52E969DA}.Debug|Any CPU.ActiveCfg = Debug|Any CPU
		{2648291D-B49F-4AAB-BA1A-D8EE52E969DA}.Debug|Any CPU.Build.0 = Debug|Any CPU
		{2648291D-B49F-4AAB-BA1A-D8EE52E969DA}.Release|Any CPU.ActiveCfg = Release|Any CPU
		{2648291D-B49F-4AAB-BA1A-D8EE52E969DA}.Release|Any CPU.Build.0 = Release|Any CPU
		{73C88F12-FA55-415E-89BE-6CFFFB6F6228}.Debug|Any CPU.ActiveCfg = Debug|Any CPU
		{73C88F12-FA55-415E-89BE-6CFFFB6F6228}.Debug|Any CPU.Build.0 = Debug|Any CPU
		{73C88F12-FA55-415E-89BE-6CFFFB6F6228}.Release|Any CPU.ActiveCfg = Release|Any CPU
		{73C88F12-FA55-415E-89BE-6CFFFB6F6228}.Release|Any CPU.Build.0 = Release|Any CPU
		{D53AF18F-D90E-49CC-8571-965AEF62234B}.Debug|Any CPU.ActiveCfg = Debug|Any CPU
		{D53AF18F-D90E-49CC-8571-965AEF62234B}.Debug|Any CPU.Build.0 = Debug|Any CPU
		{D53AF18F-D90E-49CC-8571-965AEF62234B}.Release|Any CPU.ActiveCfg = Release|Any CPU
		{D53AF18F-D90E-49CC-8571-965AEF62234B}.Release|Any CPU.Build.0 = Release|Any CPU
		{2D65ED70-B061-443A-90D8-2B2B21F4EF65}.Debug|Any CPU.ActiveCfg = Debug|Any CPU
		{2D65ED70-B061-443A-90D8-2B2B21F4EF65}.Debug|Any CPU.Build.0 = Debug|Any CPU
		{2D65ED70-B061-443A-90D8-2B2B21F4EF65}.Release|Any CPU.ActiveCfg = Release|Any CPU
		{2D65ED70-B061-443A-90D8-2B2B21F4EF65}.Release|Any CPU.Build.0 = Release|Any CPU
		{4DE35DDD-3B60-42BB-9EBE-D9DB41BFDD0F}.Debug|Any CPU.ActiveCfg = Debug|Any CPU
		{4DE35DDD-3B60-42BB-9EBE-D9DB41BFDD0F}.Debug|Any CPU.Build.0 = Debug|Any CPU
		{4DE35DDD-3B60-42BB-9EBE-D9DB41BFDD0F}.Release|Any CPU.ActiveCfg = Release|Any CPU
		{4DE35DDD-3B60-42BB-9EBE-D9DB41BFDD0F}.Release|Any CPU.Build.0 = Release|Any CPU
		{810D77DD-B4B4-499B-869F-0C6F11673AF0}.Debug|Any CPU.ActiveCfg = Debug|Any CPU
		{810D77DD-B4B4-499B-869F-0C6F11673AF0}.Debug|Any CPU.Build.0 = Debug|Any CPU
		{810D77DD-B4B4-499B-869F-0C6F11673AF0}.Release|Any CPU.ActiveCfg = Release|Any CPU
		{810D77DD-B4B4-499B-869F-0C6F11673AF0}.Release|Any CPU.Build.0 = Release|Any CPU
		{D5BA029C-B183-4554-BC67-040104BFA652}.Debug|Any CPU.ActiveCfg = Debug|Any CPU
		{D5BA029C-B183-4554-BC67-040104BFA652}.Debug|Any CPU.Build.0 = Debug|Any CPU
		{D5BA029C-B183-4554-BC67-040104BFA652}.Release|Any CPU.ActiveCfg = Release|Any CPU
		{D5BA029C-B183-4554-BC67-040104BFA652}.Release|Any CPU.Build.0 = Release|Any CPU
		{BA4FE84C-B893-4052-8497-D9C6277C62A3}.Debug|Any CPU.ActiveCfg = Debug|Any CPU
		{BA4FE84C-B893-4052-8497-D9C6277C62A3}.Debug|Any CPU.Build.0 = Debug|Any CPU
		{BA4FE84C-B893-4052-8497-D9C6277C62A3}.Release|Any CPU.ActiveCfg = Release|Any CPU
		{BA4FE84C-B893-4052-8497-D9C6277C62A3}.Release|Any CPU.Build.0 = Release|Any CPU
		{BE54BEAD-E15A-4B19-9D90-CA098CF1127F}.Debug|Any CPU.ActiveCfg = Debug|Any CPU
		{BE54BEAD-E15A-4B19-9D90-CA098CF1127F}.Debug|Any CPU.Build.0 = Debug|Any CPU
		{BE54BEAD-E15A-4B19-9D90-CA098CF1127F}.Release|Any CPU.ActiveCfg = Release|Any CPU
		{BE54BEAD-E15A-4B19-9D90-CA098CF1127F}.Release|Any CPU.Build.0 = Release|Any CPU
		{A0778E84-6EDE-43DE-8A47-090076D19C6E}.Debug|Any CPU.ActiveCfg = Debug|Any CPU
		{A0778E84-6EDE-43DE-8A47-090076D19C6E}.Debug|Any CPU.Build.0 = Debug|Any CPU
		{A0778E84-6EDE-43DE-8A47-090076D19C6E}.Release|Any CPU.ActiveCfg = Release|Any CPU
		{A0778E84-6EDE-43DE-8A47-090076D19C6E}.Release|Any CPU.Build.0 = Release|Any CPU
		{663130FD-BF99-41C9-ADBB-09CA62C2D214}.Debug|Any CPU.ActiveCfg = Debug|Any CPU
		{663130FD-BF99-41C9-ADBB-09CA62C2D214}.Debug|Any CPU.Build.0 = Debug|Any CPU
		{663130FD-BF99-41C9-ADBB-09CA62C2D214}.Release|Any CPU.ActiveCfg = Release|Any CPU
		{663130FD-BF99-41C9-ADBB-09CA62C2D214}.Release|Any CPU.Build.0 = Release|Any CPU
		{F26E9657-799F-494E-BE5E-1A497C1B2777}.Debug|Any CPU.ActiveCfg = Debug|Any CPU
		{F26E9657-799F-494E-BE5E-1A497C1B2777}.Debug|Any CPU.Build.0 = Debug|Any CPU
		{F26E9657-799F-494E-BE5E-1A497C1B2777}.Release|Any CPU.ActiveCfg = Release|Any CPU
		{F26E9657-799F-494E-BE5E-1A497C1B2777}.Release|Any CPU.Build.0 = Release|Any CPU
	EndGlobalSection
	GlobalSection(SolutionProperties) = preSolution
		HideSolutionNode = FALSE
	EndGlobalSection
	GlobalSection(ExtensibilityGlobals) = postSolution
		SolutionGuid = {81D213F5-EF8F-4A35-8A62-84F24BF4C731}
	EndGlobalSection
EndGlobal
