
Microsoft Visual Studio Solution File, Format Version 12.00
# Visual Studio 15
VisualStudioVersion = 15.0.27130.2027
MinimumVisualStudioVersion = 10.0.40219.1
Project("{9A19103F-16F7-4668-BE54-9A1E7A4F7556}") = "Person", "Person\Person.csproj", "{5379761F-B70A-4227-B704-C9B309388E95}"
EndProject
Project("{9A19103F-16F7-4668-BE54-9A1E7A4F7556}") = "BookShop", "BookShop\BookShop.csproj", "{94250153-BBCF-41F2-9939-B4EBDEDE0411}"
EndProject
Project("{9A19103F-16F7-4668-BE54-9A1E7A4F7556}") = "Mankind", "Mankind\Mankind.csproj", "{D2E1B46C-E1FE-4FDD-ACC1-E2007EEE0251}"
EndProject
Project("{9A19103F-16F7-4668-BE54-9A1E7A4F7556}") = "OnlineRadioDatabase", "OnlineRadioDatabase\OnlineRadioDatabase.csproj", "{AB8071A6-6AF8-4486-852F-DF0ABD5366F4}"
EndProject
Project("{FAE04EC0-301F-11D3-BF4B-00C04F79EFBC}") = "Animals", "Animals\Animals.csproj", "{B43E95D2-3CC8-46D5-AAD0-FE621B1F169A}"
EndProject
Global
	GlobalSection(SolutionConfigurationPlatforms) = preSolution
		Debug|Any CPU = Debug|Any CPU
		Release|Any CPU = Release|Any CPU
	EndGlobalSection
	GlobalSection(ProjectConfigurationPlatforms) = postSolution
		{5379761F-B70A-4227-B704-C9B309388E95}.Debug|Any CPU.ActiveCfg = Debug|Any CPU
		{5379761F-B70A-4227-B704-C9B309388E95}.Debug|Any CPU.Build.0 = Debug|Any CPU
		{5379761F-B70A-4227-B704-C9B309388E95}.Release|Any CPU.ActiveCfg = Release|Any CPU
		{5379761F-B70A-4227-B704-C9B309388E95}.Release|Any CPU.Build.0 = Release|Any CPU
		{94250153-BBCF-41F2-9939-B4EBDEDE0411}.Debug|Any CPU.ActiveCfg = Debug|Any CPU
		{94250153-BBCF-41F2-9939-B4EBDEDE0411}.Debug|Any CPU.Build.0 = Debug|Any CPU
		{94250153-BBCF-41F2-9939-B4EBDEDE0411}.Release|Any CPU.ActiveCfg = Release|Any CPU
		{94250153-BBCF-41F2-9939-B4EBDEDE0411}.Release|Any CPU.Build.0 = Release|Any CPU
		{D2E1B46C-E1FE-4FDD-ACC1-E2007EEE0251}.Debug|Any CPU.ActiveCfg = Debug|Any CPU
		{D2E1B46C-E1FE-4FDD-ACC1-E2007EEE0251}.Debug|Any CPU.Build.0 = Debug|Any CPU
		{D2E1B46C-E1FE-4FDD-ACC1-E2007EEE0251}.Release|Any CPU.ActiveCfg = Release|Any CPU
		{D2E1B46C-E1FE-4FDD-ACC1-E2007EEE0251}.Release|Any CPU.Build.0 = Release|Any CPU
		{AB8071A6-6AF8-4486-852F-DF0ABD5366F4}.Debug|Any CPU.ActiveCfg = Debug|Any CPU
		{AB8071A6-6AF8-4486-852F-DF0ABD5366F4}.Debug|Any CPU.Build.0 = Debug|Any CPU
		{AB8071A6-6AF8-4486-852F-DF0ABD5366F4}.Release|Any CPU.ActiveCfg = Release|Any CPU
		{AB8071A6-6AF8-4486-852F-DF0ABD5366F4}.Release|Any CPU.Build.0 = Release|Any CPU
		{B43E95D2-3CC8-46D5-AAD0-FE621B1F169A}.Debug|Any CPU.ActiveCfg = Debug|Any CPU
		{B43E95D2-3CC8-46D5-AAD0-FE621B1F169A}.Debug|Any CPU.Build.0 = Debug|Any CPU
		{B43E95D2-3CC8-46D5-AAD0-FE621B1F169A}.Release|Any CPU.ActiveCfg = Release|Any CPU
		{B43E95D2-3CC8-46D5-AAD0-FE621B1F169A}.Release|Any CPU.Build.0 = Release|Any CPU
	EndGlobalSection
	GlobalSection(SolutionProperties) = preSolution
		HideSolutionNode = FALSE
	EndGlobalSection
	GlobalSection(ExtensibilityGlobals) = postSolution
		SolutionGuid = {8F615DB8-45ED-4E66-88DB-39F55B56623F}
	EndGlobalSection
EndGlobal
