
Microsoft Visual Studio Solution File, Format Version 12.00
# Visual Studio 15
VisualStudioVersion = 15.0.27130.2027
MinimumVisualStudioVersion = 10.0.40219.1
Project("{9A19103F-16F7-4668-BE54-9A1E7A4F7556}") = "Class_Box", "Class_Box\Class_Box.csproj", "{D24C7371-B202-4BF5-BB3C-1F5FAEE8A000}"
EndProject
Project("{9A19103F-16F7-4668-BE54-9A1E7A4F7556}") = "FarmProject", "FarmProject\FarmProject.csproj", "{03320716-4CAE-48C6-9D25-9AC4585EC5B6}"
EndProject
Project("{FAE04EC0-301F-11D3-BF4B-00C04F79EFBC}") = "PizzaCalories", "PizzaCalories\PizzaCalories.csproj", "{33CA1A36-F6BA-4EF7-8696-57E6C1AA4FB6}"
EndProject
Global
	GlobalSection(SolutionConfigurationPlatforms) = preSolution
		Debug|Any CPU = Debug|Any CPU
		Release|Any CPU = Release|Any CPU
	EndGlobalSection
	GlobalSection(ProjectConfigurationPlatforms) = postSolution
		{D24C7371-B202-4BF5-BB3C-1F5FAEE8A000}.Debug|Any CPU.ActiveCfg = Debug|Any CPU
		{D24C7371-B202-4BF5-BB3C-1F5FAEE8A000}.Debug|Any CPU.Build.0 = Debug|Any CPU
		{D24C7371-B202-4BF5-BB3C-1F5FAEE8A000}.Release|Any CPU.ActiveCfg = Release|Any CPU
		{D24C7371-B202-4BF5-BB3C-1F5FAEE8A000}.Release|Any CPU.Build.0 = Release|Any CPU
		{03320716-4CAE-48C6-9D25-9AC4585EC5B6}.Debug|Any CPU.ActiveCfg = Debug|Any CPU
		{03320716-4CAE-48C6-9D25-9AC4585EC5B6}.Debug|Any CPU.Build.0 = Debug|Any CPU
		{03320716-4CAE-48C6-9D25-9AC4585EC5B6}.Release|Any CPU.ActiveCfg = Release|Any CPU
		{03320716-4CAE-48C6-9D25-9AC4585EC5B6}.Release|Any CPU.Build.0 = Release|Any CPU
		{33CA1A36-F6BA-4EF7-8696-57E6C1AA4FB6}.Debug|Any CPU.ActiveCfg = Debug|Any CPU
		{33CA1A36-F6BA-4EF7-8696-57E6C1AA4FB6}.Debug|Any CPU.Build.0 = Debug|Any CPU
		{33CA1A36-F6BA-4EF7-8696-57E6C1AA4FB6}.Release|Any CPU.ActiveCfg = Release|Any CPU
		{33CA1A36-F6BA-4EF7-8696-57E6C1AA4FB6}.Release|Any CPU.Build.0 = Release|Any CPU
	EndGlobalSection
	GlobalSection(SolutionProperties) = preSolution
		HideSolutionNode = FALSE
	EndGlobalSection
	GlobalSection(ExtensibilityGlobals) = postSolution
		SolutionGuid = {058F8ADE-5232-47EC-9A9D-89E4DE872C06}
	EndGlobalSection
EndGlobal
